// !$*UTF8*$!
{
	archiveVersion = 1;
	classes = {
	};
	objectVersion = 46;
	objects = {

/* Begin PBXBuildFile section */
		1639FD541F1A5E87005C8853 /* DataModel.m in Sources */ = {isa = PBXBuildFile; fileRef = 1639FD531F1A55F1005C8853 /* DataModel.m */; };
		163E82F41F181751005BD81D /* MainViewController.m in Sources */ = {isa = PBXBuildFile; fileRef = 163E82F31F181751005BD81D /* MainViewController.m */; settings = {ASSET_TAGS = (); }; };
		1648C9841F196F7F0075858A /* rightArrow.png in Resources */ = {isa = PBXBuildFile; fileRef = 1648C9821F196F7F0075858A /* rightArrow.png */; settings = {ASSET_TAGS = (); }; };
		16EC25AA1F16B53A0023314C /* main.m in Sources */ = {isa = PBXBuildFile; fileRef = 16EC25A91F16B53A0023314C /* main.m */; };
		16EC25AD1F16B53A0023314C /* AppDelegate.m in Sources */ = {isa = PBXBuildFile; fileRef = 16EC25AC1F16B53A0023314C /* AppDelegate.m */; };
		16EC25B31F16B53A0023314C /* Main.storyboard in Resources */ = {isa = PBXBuildFile; fileRef = 16EC25B11F16B53A0023314C /* Main.storyboard */; };
		16EC25B51F16B53A0023314C /* Assets.xcassets in Resources */ = {isa = PBXBuildFile; fileRef = 16EC25B41F16B53A0023314C /* Assets.xcassets */; };
		16EC25B81F16B53A0023314C /* LaunchScreen.storyboard in Resources */ = {isa = PBXBuildFile; fileRef = 16EC25B61F16B53A0023314C /* LaunchScreen.storyboard */; };
		16EC25C31F16B53B0023314C /* ExchangeRateTests.m in Sources */ = {isa = PBXBuildFile; fileRef = 16EC25C21F16B53B0023314C /* ExchangeRateTests.m */; };
		16EC25CE1F16B53B0023314C /* ExchangeRateUITests.m in Sources */ = {isa = PBXBuildFile; fileRef = 16EC25CD1F16B53B0023314C /* ExchangeRateUITests.m */; };
/* End PBXBuildFile section */

/* Begin PBXContainerItemProxy section */
		16EC25BF1F16B53B0023314C /* PBXContainerItemProxy */ = {
			isa = PBXContainerItemProxy;
			containerPortal = 16EC259D1F16B53A0023314C /* Project object */;
			proxyType = 1;
			remoteGlobalIDString = 16EC25A41F16B53A0023314C;
			remoteInfo = ExchangeRate;
		};
		16EC25CA1F16B53B0023314C /* PBXContainerItemProxy */ = {
			isa = PBXContainerItemProxy;
			containerPortal = 16EC259D1F16B53A0023314C /* Project object */;
			proxyType = 1;
			remoteGlobalIDString = 16EC25A41F16B53A0023314C;
			remoteInfo = ExchangeRate;
		};
/* End PBXContainerItemProxy section */

/* Begin PBXFileReference section */
		1639FD4F1F1A1C45005C8853 /* DataProtocol.h */ = {isa = PBXFileReference; fileEncoding = 4; lastKnownFileType = sourcecode.c.h; name = DataProtocol.h; path = ../DataProtocol.h; sourceTree = "<group>"; };
		1639FD501F1A51C8005C8853 /* DataModel.h */ = {isa = PBXFileReference; fileEncoding = 4; lastKnownFileType = sourcecode.c.h; path = DataModel.h; sourceTree = "<group>"; };
		1639FD531F1A55F1005C8853 /* DataModel.m */ = {isa = PBXFileReference; fileEncoding = 4; lastKnownFileType = sourcecode.c.objc; path = DataModel.m; sourceTree = "<group>"; };
		163E82F21F181751005BD81D /* MainViewController.h */ = {isa = PBXFileReference; fileEncoding = 4; lastKnownFileType = sourcecode.c.h; path = MainViewController.h; sourceTree = "<group>"; };
		163E82F31F181751005BD81D /* MainViewController.m */ = {isa = PBXFileReference; fileEncoding = 4; lastKnownFileType = sourcecode.c.objc; path = MainViewController.m; sourceTree = "<group>"; };
		1648C9821F196F7F0075858A /* rightArrow.png */ = {isa = PBXFileReference; lastKnownFileType = image.png; path = rightArrow.png; sourceTree = "<group>"; };
		16EC25A51F16B53A0023314C /* ExchangeRate.app */ = {isa = PBXFileReference; explicitFileType = wrapper.application; includeInIndex = 0; path = ExchangeRate.app; sourceTree = BUILT_PRODUCTS_DIR; };
		16EC25A91F16B53A0023314C /* main.m */ = {isa = PBXFileReference; lastKnownFileType = sourcecode.c.objc; path = main.m; sourceTree = "<group>"; };
		16EC25AB1F16B53A0023314C /* AppDelegate.h */ = {isa = PBXFileReference; lastKnownFileType = sourcecode.c.h; path = AppDelegate.h; sourceTree = "<group>"; };
		16EC25AC1F16B53A0023314C /* AppDelegate.m */ = {isa = PBXFileReference; lastKnownFileType = sourcecode.c.objc; path = AppDelegate.m; sourceTree = "<group>"; };
		16EC25B21F16B53A0023314C /* Base */ = {isa = PBXFileReference; lastKnownFileType = file.storyboard; name = Base; path = Base.lproj/Main.storyboard; sourceTree = "<group>"; };
		16EC25B41F16B53A0023314C /* Assets.xcassets */ = {isa = PBXFileReference; lastKnownFileType = folder.assetcatalog; path = Assets.xcassets; sourceTree = "<group>"; };
		16EC25B71F16B53A0023314C /* Base */ = {isa = PBXFileReference; lastKnownFileType = file.storyboard; name = Base; path = Base.lproj/LaunchScreen.storyboard; sourceTree = "<group>"; };
		16EC25B91F16B53A0023314C /* Info.plist */ = {isa = PBXFileReference; lastKnownFileType = text.plist.xml; path = Info.plist; sourceTree = "<group>"; };
		16EC25BE1F16B53B0023314C /* ExchangeRateTests.xctest */ = {isa = PBXFileReference; explicitFileType = wrapper.cfbundle; includeInIndex = 0; path = ExchangeRateTests.xctest; sourceTree = BUILT_PRODUCTS_DIR; };
		16EC25C21F16B53B0023314C /* ExchangeRateTests.m */ = {isa = PBXFileReference; lastKnownFileType = sourcecode.c.objc; path = ExchangeRateTests.m; sourceTree = "<group>"; };
		16EC25C41F16B53B0023314C /* Info.plist */ = {isa = PBXFileReference; lastKnownFileType = text.plist.xml; path = Info.plist; sourceTree = "<group>"; };
		16EC25C91F16B53B0023314C /* ExchangeRateUITests.xctest */ = {isa = PBXFileReference; explicitFileType = wrapper.cfbundle; includeInIndex = 0; path = ExchangeRateUITests.xctest; sourceTree = BUILT_PRODUCTS_DIR; };
		16EC25CD1F16B53B0023314C /* ExchangeRateUITests.m */ = {isa = PBXFileReference; lastKnownFileType = sourcecode.c.objc; path = ExchangeRateUITests.m; sourceTree = "<group>"; };
		16EC25CF1F16B53B0023314C /* Info.plist */ = {isa = PBXFileReference; lastKnownFileType = text.plist.xml; path = Info.plist; sourceTree = "<group>"; };
/* End PBXFileReference section */

/* Begin PBXFrameworksBuildPhase section */
		16EC25A21F16B53A0023314C /* Frameworks */ = {
			isa = PBXFrameworksBuildPhase;
			buildActionMask = 2147483647;
			files = (
			);
			runOnlyForDeploymentPostprocessing = 0;
		};
		16EC25BB1F16B53B0023314C /* Frameworks */ = {
			isa = PBXFrameworksBuildPhase;
			buildActionMask = 2147483647;
			files = (
			);
			runOnlyForDeploymentPostprocessing = 0;
		};
		16EC25C61F16B53B0023314C /* Frameworks */ = {
			isa = PBXFrameworksBuildPhase;
			buildActionMask = 2147483647;
			files = (
			);
			runOnlyForDeploymentPostprocessing = 0;
		};
/* End PBXFrameworksBuildPhase section */

/* Begin PBXGroup section */
		16EC259C1F16B53A0023314C = {
			isa = PBXGroup;
			children = (
				16EC25A71F16B53A0023314C /* ExchangeRate */,
				16EC25C11F16B53B0023314C /* ExchangeRateTests */,
				16EC25CC1F16B53B0023314C /* ExchangeRateUITests */,
				16EC25A61F16B53A0023314C /* Products */,
			);
			sourceTree = "<group>";
		};
		16EC25A61F16B53A0023314C /* Products */ = {
			isa = PBXGroup;
			children = (
				16EC25A51F16B53A0023314C /* ExchangeRate.app */,
				16EC25BE1F16B53B0023314C /* ExchangeRateTests.xctest */,
				16EC25C91F16B53B0023314C /* ExchangeRateUITests.xctest */,
			);
			name = Products;
			sourceTree = "<group>";
		};
		16EC25A71F16B53A0023314C /* ExchangeRate */ = {
			isa = PBXGroup;
			children = (
				1639FD4F1F1A1C45005C8853 /* DataProtocol.h */,
				1639FD501F1A51C8005C8853 /* DataModel.h */,
				1639FD531F1A55F1005C8853 /* DataModel.m */,
				16EC25AB1F16B53A0023314C /* AppDelegate.h */,
				16EC25AC1F16B53A0023314C /* AppDelegate.m */,
				16EC25B11F16B53A0023314C /* Main.storyboard */,
				1648C9821F196F7F0075858A /* rightArrow.png */,
				16EC25B41F16B53A0023314C /* Assets.xcassets */,
				16EC25B61F16B53A0023314C /* LaunchScreen.storyboard */,
				16EC25B91F16B53A0023314C /* Info.plist */,
				16EC25A81F16B53A0023314C /* Supporting Files */,
				163E82F21F181751005BD81D /* MainViewController.h */,
				163E82F31F181751005BD81D /* MainViewController.m */,
			);
			path = ExchangeRate;
			sourceTree = "<group>";
		};
		16EC25A81F16B53A0023314C /* Supporting Files */ = {
			isa = PBXGroup;
			children = (
				16EC25A91F16B53A0023314C /* main.m */,
			);
			name = "Supporting Files";
			sourceTree = "<group>";
		};
		16EC25C11F16B53B0023314C /* ExchangeRateTests */ = {
			isa = PBXGroup;
			children = (
				16EC25C21F16B53B0023314C /* ExchangeRateTests.m */,
				16EC25C41F16B53B0023314C /* Info.plist */,
			);
			path = ExchangeRateTests;
			sourceTree = "<group>";
		};
		16EC25CC1F16B53B0023314C /* ExchangeRateUITests */ = {
			isa = PBXGroup;
			children = (
				16EC25CD1F16B53B0023314C /* ExchangeRateUITests.m */,
				16EC25CF1F16B53B0023314C /* Info.plist */,
			);
			path = ExchangeRateUITests;
			sourceTree = "<group>";
		};
/* End PBXGroup section */

/* Begin PBXNativeTarget section */
		16EC25A41F16B53A0023314C /* ExchangeRate */ = {
			isa = PBXNativeTarget;
			buildConfigurationList = 16EC25D21F16B53B0023314C /* Build configuration list for PBXNativeTarget "ExchangeRate" */;
			buildPhases = (
				16EC25A11F16B53A0023314C /* Sources */,
				16EC25A21F16B53A0023314C /* Frameworks */,
				16EC25A31F16B53A0023314C /* Resources */,
			);
			buildRules = (
			);
			dependencies = (
			);
			name = ExchangeRate;
			productName = ExchangeRate;
			productReference = 16EC25A51F16B53A0023314C /* ExchangeRate.app */;
			productType = "com.apple.product-type.application";
		};
		16EC25BD1F16B53B0023314C /* ExchangeRateTests */ = {
			isa = PBXNativeTarget;
			buildConfigurationList = 16EC25D51F16B53B0023314C /* Build configuration list for PBXNativeTarget "ExchangeRateTests" */;
			buildPhases = (
				16EC25BA1F16B53B0023314C /* Sources */,
				16EC25BB1F16B53B0023314C /* Frameworks */,
				16EC25BC1F16B53B0023314C /* Resources */,
			);
			buildRules = (
			);
			dependencies = (
				16EC25C01F16B53B0023314C /* PBXTargetDependency */,
			);
			name = ExchangeRateTests;
			productName = ExchangeRateTests;
			productReference = 16EC25BE1F16B53B0023314C /* ExchangeRateTests.xctest */;
			productType = "com.apple.product-type.bundle.unit-test";
		};
		16EC25C81F16B53B0023314C /* ExchangeRateUITests */ = {
			isa = PBXNativeTarget;
			buildConfigurationList = 16EC25D81F16B53B0023314C /* Build configuration list for PBXNativeTarget "ExchangeRateUITests" */;
			buildPhases = (
				16EC25C51F16B53B0023314C /* Sources */,
				16EC25C61F16B53B0023314C /* Frameworks */,
				16EC25C71F16B53B0023314C /* Resources */,
			);
			buildRules = (
			);
			dependencies = (
				16EC25CB1F16B53B0023314C /* PBXTargetDependency */,
			);
			name = ExchangeRateUITests;
			productName = ExchangeRateUITests;
			productReference = 16EC25C91F16B53B0023314C /* ExchangeRateUITests.xctest */;
			productType = "com.apple.product-type.bundle.ui-testing";
		};
/* End PBXNativeTarget section */

/* Begin PBXProject section */
		16EC259D1F16B53A0023314C /* Project object */ = {
			isa = PBXProject;
			attributes = {
				LastUpgradeCheck = 0700;
				ORGANIZATIONNAME = "Jose Rui Santos";
				TargetAttributes = {
					16EC25A41F16B53A0023314C = {
						CreatedOnToolsVersion = 7.0.1;
					};
					16EC25BD1F16B53B0023314C = {
						CreatedOnToolsVersion = 7.0.1;
						TestTargetID = 16EC25A41F16B53A0023314C;
					};
					16EC25C81F16B53B0023314C = {
						CreatedOnToolsVersion = 7.0.1;
						TestTargetID = 16EC25A41F16B53A0023314C;
					};
				};
			};
			buildConfigurationList = 16EC25A01F16B53A0023314C /* Build configuration list for PBXProject "ExchangeRate" */;
			compatibilityVersion = "Xcode 3.2";
			developmentRegion = English;
			hasScannedForEncodings = 0;
			knownRegions = (
				en,
				Base,
			);
			mainGroup = 16EC259C1F16B53A0023314C;
			productRefGroup = 16EC25A61F16B53A0023314C /* Products */;
			projectDirPath = "";
			projectRoot = "";
			targets = (
				16EC25A41F16B53A0023314C /* ExchangeRate */,
				16EC25BD1F16B53B0023314C /* ExchangeRateTests */,
				16EC25C81F16B53B0023314C /* ExchangeRateUITests */,
			);
		};
/* End PBXProject section */

/* Begin PBXResourcesBuildPhase section */
		16EC25A31F16B53A0023314C /* Resources */ = {
			isa = PBXResourcesBuildPhase;
			buildActionMask = 2147483647;
			files = (
				16EC25B81F16B53A0023314C /* LaunchScreen.storyboard in Resources */,
				16EC25B51F16B53A0023314C /* Assets.xcassets in Resources */,
				1648C9841F196F7F0075858A /* rightArrow.png in Resources */,
				16EC25B31F16B53A0023314C /* Main.storyboard in Resources */,
			);
			runOnlyForDeploymentPostprocessing = 0;
		};
		16EC25BC1F16B53B0023314C /* Resources */ = {
			isa = PBXResourcesBuildPhase;
			buildActionMask = 2147483647;
			files = (
			);
			runOnlyForDeploymentPostprocessing = 0;
		};
		16EC25C71F16B53B0023314C /* Resources */ = {
			isa = PBXResourcesBuildPhase;
			buildActionMask = 2147483647;
			files = (
			);
			runOnlyForDeploymentPostprocessing = 0;
		};
/* End PBXResourcesBuildPhase section */

/* Begin PBXSourcesBuildPhase section */
		16EC25A11F16B53A0023314C /* Sources */ = {
			isa = PBXSourcesBuildPhase;
			buildActionMask = 2147483647;
			files = (
				1639FD541F1A5E87005C8853 /* DataModel.m in Sources */,
				16EC25AD1F16B53A0023314C /* AppDelegate.m in Sources */,
				16EC25AA1F16B53A0023314C /* main.m in Sources */,
				163E82F41F181751005BD81D /* MainViewController.m in Sources */,
			);
			runOnlyForDeploymentPostprocessing = 0;
		};
		16EC25BA1F16B53B0023314C /* Sources */ = {
			isa = PBXSourcesBuildPhase;
			buildActionMask = 2147483647;
			files = (
				16EC25C31F16B53B0023314C /* ExchangeRateTests.m in Sources */,
			);
			runOnlyForDeploymentPostprocessing = 0;
		};
		16EC25C51F16B53B0023314C /* Sources */ = {
			isa = PBXSourcesBuildPhase;
			buildActionMask = 2147483647;
			files = (
				16EC25CE1F16B53B0023314C /* ExchangeRateUITests.m in Sources */,
			);
			runOnlyForDeploymentPostprocessing = 0;
		};
/* End PBXSourcesBuildPhase section */

/* Begin PBXTargetDependency section */
		16EC25C01F16B53B0023314C /* PBXTargetDependency */ = {
			isa = PBXTargetDependency;
			target = 16EC25A41F16B53A0023314C /* ExchangeRate */;
			targetProxy = 16EC25BF1F16B53B0023314C /* PBXContainerItemProxy */;
		};
		16EC25CB1F16B53B0023314C /* PBXTargetDependency */ = {
			isa = PBXTargetDependency;
			target = 16EC25A41F16B53A0023314C /* ExchangeRate */;
			targetProxy = 16EC25CA1F16B53B0023314C /* PBXContainerItemProxy */;
		};
/* End PBXTargetDependency section */

/* Begin PBXVariantGroup section */
		16EC25B11F16B53A0023314C /* Main.storyboard */ = {
			isa = PBXVariantGroup;
			children = (
				16EC25B21F16B53A0023314C /* Base */,
			);
			name = Main.storyboard;
			sourceTree = "<group>";
		};
		16EC25B61F16B53A0023314C /* LaunchScreen.storyboard */ = {
			isa = PBXVariantGroup;
			children = (
				16EC25B71F16B53A0023314C /* Base */,
			);
			name = LaunchScreen.storyboard;
			sourceTree = "<group>";
		};
/* End PBXVariantGroup section */

/* Begin XCBuildConfiguration section */
		16EC25D01F16B53B0023314C /* Debug */ = {
			isa = XCBuildConfiguration;
			buildSettings = {
				ALWAYS_SEARCH_USER_PATHS = NO;
				CLANG_CXX_LANGUAGE_STANDARD = "gnu++0x";
				CLANG_CXX_LIBRARY = "libc++";
				CLANG_ENABLE_MODULES = YES;
				CLANG_ENABLE_OBJC_ARC = YES;
				CLANG_WARN_BOOL_CONVERSION = YES;
				CLANG_WARN_CONSTANT_CONVERSION = YES;
				CLANG_WARN_DIRECT_OBJC_ISA_USAGE = YES_ERROR;
				CLANG_WARN_EMPTY_BODY = YES;
				CLANG_WARN_ENUM_CONVERSION = YES;
				CLANG_WARN_INT_CONVERSION = YES;
				CLANG_WARN_OBJC_ROOT_CLASS = YES_ERROR;
				CLANG_WARN_UNREACHABLE_CODE = YES;
				CLANG_WARN__DUPLICATE_METHOD_MATCH = YES;
				"CODE_SIGN_IDENTITY[sdk=iphoneos*]" = "iPhone Developer";
				COPY_PHASE_STRIP = NO;
				DEBUG_INFORMATION_FORMAT = dwarf;
				ENABLE_STRICT_OBJC_MSGSEND = YES;
				ENABLE_TESTABILITY = YES;
				GCC_C_LANGUAGE_STANDARD = gnu99;
				GCC_DYNAMIC_NO_PIC = NO;
				GCC_NO_COMMON_BLOCKS = YES;
				GCC_OPTIMIZATION_LEVEL = 0;
				GCC_PREPROCESSOR_DEFINITIONS = (
					"DEBUG=1",
					"$(inherited)",
				);
				GCC_WARN_64_TO_32_BIT_CONVERSION = YES;
				GCC_WARN_ABOUT_RETURN_TYPE = YES_ERROR;
				GCC_WARN_UNDECLARED_SELECTOR = YES;
				GCC_WARN_UNINITIALIZED_AUTOS = YES_AGGRESSIVE;
				GCC_WARN_UNUSED_FUNCTION = YES;
				GCC_WARN_UNUSED_VARIABLE = YES;
				IPHONEOS_DEPLOYMENT_TARGET = 9.0;
				MTL_ENABLE_DEBUG_INFO = YES;
				ONLY_ACTIVE_ARCH = YES;
				SDKROOT = iphoneos;
				TARGETED_DEVICE_FAMILY = "1,2";
			};
			name = Debug;
		};
		16EC25D11F16B53B0023314C /* Release */ = {
			isa = XCBuildConfiguration;
			buildSettings = {
				ALWAYS_SEARCH_USER_PATHS = NO;
				CLANG_CXX_LANGUAGE_STANDARD = "gnu++0x";
				CLANG_CXX_LIBRARY = "libc++";
				CLANG_ENABLE_MODULES = YES;
				CLANG_ENABLE_OBJC_ARC = YES;
				CLANG_WARN_BOOL_CONVERSION = YES;
				CLANG_WARN_CONSTANT_CONVERSION = YES;
				CLANG_WARN_DIRECT_OBJC_ISA_USAGE = YES_ERROR;
				CLANG_WARN_EMPTY_BODY = YES;
				CLANG_WARN_ENUM_CONVERSION = YES;
				CLANG_WARN_INT_CONVERSION = YES;
				CLANG_WARN_OBJC_ROOT_CLASS = YES_ERROR;
				CLANG_WARN_UNREACHABLE_CODE = YES;
				CLANG_WARN__DUPLICATE_METHOD_MATCH = YES;
				"CODE_SIGN_IDENTITY[sdk=iphoneos*]" = "iPhone Developer";
				COPY_PHASE_STRIP = NO;
				DEBUG_INFORMATION_FORMAT = "dwarf-with-dsym";
				ENABLE_NS_ASSERTIONS = NO;
				ENABLE_STRICT_OBJC_MSGSEND = YES;
				GCC_C_LANGUAGE_STANDARD = gnu99;
				GCC_NO_COMMON_BLOCKS = YES;
				GCC_WARN_64_TO_32_BIT_CONVERSION = YES;
				GCC_WARN_ABOUT_RETURN_TYPE = YES_ERROR;
				GCC_WARN_UNDECLARED_SELECTOR = YES;
				GCC_WARN_UNINITIALIZED_AUTOS = YES_AGGRESSIVE;
				GCC_WARN_UNUSED_FUNCTION = YES;
				GCC_WARN_UNUSED_VARIABLE = YES;
				IPHONEOS_DEPLOYMENT_TARGET = 9.0;
				MTL_ENABLE_DEBUG_INFO = NO;
				SDKROOT = iphoneos;
				TARGETED_DEVICE_FAMILY = "1,2";
				VALIDATE_PRODUCT = YES;
			};
			name = Release;
		};
		16EC25D31F16B53B0023314C /* Debug */ = {
			isa = XCBuildConfiguration;
			buildSettings = {
				ASSETCATALOG_COMPILER_APPICON_NAME = AppIcon;
				CLANG_ENABLE_OBJC_ARC = YES;
				INFOPLIST_FILE = ExchangeRate/Info.plist;
				LD_RUNPATH_SEARCH_PATHS = "$(inherited) @executable_path/Frameworks";
				PRODUCT_BUNDLE_IDENTIFIER = rs.ExchangeRate;
				PRODUCT_NAME = "$(TARGET_NAME)";
			};
			name = Debug;
		};
		16EC25D41F16B53B0023314C /* Release */ = {
			isa = XCBuildConfiguration;
			buildSettings = {
				ASSETCATALOG_COMPILER_APPICON_NAME = AppIcon;
				CLANG_ENABLE_OBJC_ARC = YES;
				INFOPLIST_FILE = ExchangeRate/Info.plist;
				LD_RUNPATH_SEARCH_PATHS = "$(inherited) @executable_path/Frameworks";
				PRODUCT_BUNDLE_IDENTIFIER = rs.ExchangeRate;
				PRODUCT_NAME = "$(TARGET_NAME)";
			};
			name = Release;
		};
		16EC25D61F16B53B0023314C /* Debug */ = {
			isa = XCBuildConfiguration;
			buildSettings = {
				BUNDLE_LOADER = "$(TEST_HOST)";
				INFOPLIST_FILE = ExchangeRateTests/Info.plist;
				LD_RUNPATH_SEARCH_PATHS = "$(inherited) @executable_path/Frameworks @loader_path/Frameworks";
				PRODUCT_BUNDLE_IDENTIFIER = rs.ExchangeRateTests;
				PRODUCT_NAME = "$(TARGET_NAME)";
				TEST_HOST = "$(BUILT_PRODUCTS_DIR)/ExchangeRate.app/ExchangeRate";
			};
			name = Debug;
		};
		16EC25D71F16B53B0023314C /* Release */ = {
			isa = XCBuildConfiguration;
			buildSettings = {
				BUNDLE_LOADER = "$(TEST_HOST)";
				INFOPLIST_FILE = ExchangeRateTests/Info.plist;
				LD_RUNPATH_SEARCH_PATHS = "$(inherited) @executable_path/Frameworks @loader_path/Frameworks";
				PRODUCT_BUNDLE_IDENTIFIER = rs.ExchangeRateTests;
				PRODUCT_NAME = "$(TARGET_NAME)";
				TEST_HOST = "$(BUILT_PRODUCTS_DIR)/ExchangeRate.app/ExchangeRate";
			};
			name = Release;
		};
		16EC25D91F16B53B0023314C /* Debug */ = {
			isa = XCBuildConfiguration;
			buildSettings = {
				INFOPLIST_FILE = ExchangeRateUITests/Info.plist;
				LD_RUNPATH_SEARCH_PATHS = "$(inherited) @executable_path/Frameworks @loader_path/Frameworks";
				PRODUCT_BUNDLE_IDENTIFIER = rs.ExchangeRateUITests;
				PRODUCT_NAME = "$(TARGET_NAME)";
				TEST_TARGET_NAME = ExchangeRate;
				USES_XCTRUNNER = YES;
			};
			name = Debug;
		};
		16EC25DA1F16B53B0023314C /* Release */ = {
			isa = XCBuildConfiguration;
			buildSettings = {
				INFOPLIST_FILE = ExchangeRateUITests/Info.plist;
				LD_RUNPATH_SEARCH_PATHS = "$(inherited) @executable_path/Frameworks @loader_path/Frameworks";
				PRODUCT_BUNDLE_IDENTIFIER = rs.ExchangeRateUITests;
				PRODUCT_NAME = "$(TARGET_NAME)";
				TEST_TARGET_NAME = ExchangeRate;
				USES_XCTRUNNER = YES;
			};
			name = Release;
		};
/* End XCBuildConfiguration section */

/* Begin XCConfigurationList section */
		16EC25A01F16B53A0023314C /* Build configuration list for PBXProject "ExchangeRate" */ = {
			isa = XCConfigurationList;
			buildConfigurations = (
				16EC25D01F16B53B0023314C /* Debug */,
				16EC25D11F16B53B0023314C /* Release */,
			);
			defaultConfigurationIsVisible = 0;
			defaultConfigurationName = Release;
		};
		16EC25D21F16B53B0023314C /* Build configuration list for PBXNativeTarget "ExchangeRate" */ = {
			isa = XCConfigurationList;
			buildConfigurations = (
				16EC25D31F16B53B0023314C /* Debug */,
				16EC25D41F16B53B0023314C /* Release */,
			);
			defaultConfigurationIsVisible = 0;
			defaultConfigurationName = Release;
		};
		16EC25D51F16B53B0023314C /* Build configuration list for PBXNativeTarget "ExchangeRateTests" */ = {
			isa = XCConfigurationList;
			buildConfigurations = (
				16EC25D61F16B53B0023314C /* Debug */,
				16EC25D71F16B53B0023314C /* Release */,
			);
			defaultConfigurationIsVisible = 0;
			defaultConfigurationName = Release;
		};
		16EC25D81F16B53B0023314C /* Build configuration list for PBXNativeTarget "ExchangeRateUITests" */ = {
			isa = XCConfigurationList;
			buildConfigurations = (
				16EC25D91F16B53B0023314C /* Debug */,
				16EC25DA1F16B53B0023314C /* Release */,
			);
			defaultConfigurationIsVisible = 0;
			defaultConfigurationName = Release;
		};
/* End XCConfigurationList section */
	};
	rootObject = 16EC259D1F16B53A0023314C /* Project object */;
}
